{
  "name": "cadastrador-de-cpfs",
  "version": "1.0.0",
  "lockfileVersion": 2,
  "requires": true,
  "packages": {
    "": {
      "name": "cadastrador-de-cpfs",
      "version": "1.0.0",
      "license": "ISC",
      "dependencies": {
        "cpf": "^2.0.1"
      }
    },
    "node_modules/cpf": {
      "version": "2.0.1",
      "resolved": "https://registry.npmjs.org/cpf/-/cpf-2.0.1.tgz",
      "integrity": "sha512-YpRbrpjQCDkZgMUOLxLfme8wE8X56fHXOGMGDsYA48f7UrjaCHU0TP8d+CKmxvNVjBDVtHiCUiBw8vfstdslbw=="
    }
  },
  "dependencies": {
    "cpf": {
      "version": "2.0.1",
      "resolved": "https://registry.npmjs.org/cpf/-/cpf-2.0.1.tgz",
      "integrity": "sha512-YpRbrpjQCDkZgMUOLxLfme8wE8X56fHXOGMGDsYA48f7UrjaCHU0TP8d+CKmxvNVjBDVtHiCUiBw8vfstdslbw=="
    }
  }
}
